
Microsoft Visual Studio Solution File, Format Version 12.00
# Visual Studio 15
VisualStudioVersion = 15.0.27428.2002
MinimumVisualStudioVersion = 10.0.40219.1
Project("{FAE04EC0-301F-11D3-BF4B-00C04F79EFBC}") = "DNSPromotionManager", "DNSPromotionManager\DNSPromotionManager.csproj", "{C7B5CC96-D20E-4A65-A529-76C564E91209}"
EndProject
Global
	GlobalSection(SolutionConfigurationPlatforms) = preSolution
		Debug|Any CPU = Debug|Any CPU
		Release|Any CPU = Release|Any CPU
	EndGlobalSection
	GlobalSection(ProjectConfigurationPlatforms) = postSolution
		{C7B5CC96-D20E-4A65-A529-76C564E91209}.Debug|Any CPU.ActiveCfg = Debug|Any CPU
		{C7B5CC96-D20E-4A65-A529-76C564E91209}.Debug|Any CPU.Build.0 = Debug|Any CPU
		{C7B5CC96-D20E-4A65-A529-76C564E91209}.Release|Any CPU.ActiveCfg = Release|Any CPU
		{C7B5CC96-D20E-4A65-A529-76C564E91209}.Release|Any CPU.Build.0 = Release|Any CPU
	EndGlobalSection
	GlobalSection(SolutionProperties) = preSolution
		HideSolutionNode = FALSE
	EndGlobalSection
	GlobalSection(ExtensibilityGlobals) = postSolution
		SolutionGuid = {C89A8531-6A34-4708-856B-1F038DE74A5B}
	EndGlobalSection
EndGlobal
